
Microsoft Visual Studio Solution File, Format Version 12.00
# Visual Studio Version 17
VisualStudioVersion = 17.6.33723.286
MinimumVisualStudioVersion = 10.0.40219.1
Project("{FAE04EC0-301F-11D3-BF4B-00C04F79EFBC}") = "CSharpMotionEx", "CSharpMotionEx\CSharpMotionEx.csproj", "{BA0ECFC4-C498-445B-95F7-A769987B359C}"
	ProjectSection(ProjectDependencies) = postProject
		{525724D7-5BF1-4990-977A-22D82DA47135} = {525724D7-5BF1-4990-977A-22D82DA47135}
	EndProjectSection
EndProject
Project("{8BC9CEB8-8B4A-11D0-8D11-00A0C91BC942}") = "CLRWrapper", "CLRWrapper\CLRWrapper.vcxproj", "{525724D7-5BF1-4990-977A-22D82DA47135}"
EndProject
Global
	GlobalSection(SolutionConfigurationPlatforms) = preSolution
		Debug|x64 = Debug|x64
		Debug|x86 = Debug|x86
		Release|x64 = Release|x64
		Release|x86 = Release|x86
	EndGlobalSection
	GlobalSection(ProjectConfigurationPlatforms) = postSolution
		{BA0ECFC4-C498-445B-95F7-A769987B359C}.Debug|x64.ActiveCfg = Debug|x64
		{BA0ECFC4-C498-445B-95F7-A769987B359C}.Debug|x64.Build.0 = Debug|x64
		{BA0ECFC4-C498-445B-95F7-A769987B359C}.Debug|x86.ActiveCfg = Debug|x86
		{BA0ECFC4-C498-445B-95F7-A769987B359C}.Debug|x86.Build.0 = Debug|x86
		{BA0ECFC4-C498-445B-95F7-A769987B359C}.Release|x64.ActiveCfg = Release|x64
		{BA0ECFC4-C498-445B-95F7-A769987B359C}.Release|x64.Build.0 = Release|x64
		{BA0ECFC4-C498-445B-95F7-A769987B359C}.Release|x86.ActiveCfg = Release|x86
		{BA0ECFC4-C498-445B-95F7-A769987B359C}.Release|x86.Build.0 = Release|x86
		{525724D7-5BF1-4990-977A-22D82DA47135}.Debug|x64.ActiveCfg = Debug|x64
		{525724D7-5BF1-4990-977A-22D82DA47135}.Debug|x64.Build.0 = Debug|x64
		{525724D7-5BF1-4990-977A-22D82DA47135}.Debug|x86.ActiveCfg = Debug|Win32
		{525724D7-5BF1-4990-977A-22D82DA47135}.Debug|x86.Build.0 = Debug|Win32
		{525724D7-5BF1-4990-977A-22D82DA47135}.Release|x64.ActiveCfg = Release|x64
		{525724D7-5BF1-4990-977A-22D82DA47135}.Release|x64.Build.0 = Release|x64
		{525724D7-5BF1-4990-977A-22D82DA47135}.Release|x86.ActiveCfg = Release|Win32
		{525724D7-5BF1-4990-977A-22D82DA47135}.Release|x86.Build.0 = Release|Win32
	EndGlobalSection
	GlobalSection(SolutionProperties) = preSolution
		HideSolutionNode = FALSE
	EndGlobalSection
EndGlobal
